
Microsoft Visual Studio Solution File, Format Version 12.00
# Visual Studio Version 16
VisualStudioVersion = 16.0.29613.14
MinimumVisualStudioVersion = 10.0.40219.1
Project("{9A19103F-16F7-4668-BE54-9A1E7A4F7556}") = "MyVet.Common", "MyLeasing.Common\MyVet.Common.csproj", "{5894CB24-4E7F-4B0C-B88C-294F6F67CB05}"
EndProject
Project("{9A19103F-16F7-4668-BE54-9A1E7A4F7556}") = "MyVet.Web", "MyLeasing.Web\MyVet.Web.csproj", "{F5C6C8C1-4665-44FC-AACB-375F8843398E}"
EndProject
Project("{FAE04EC0-301F-11D3-BF4B-00C04F79EFBC}") = "MyVet.Prism", "MyVet.Prism\MyVet.Prism\MyVet.Prism.csproj", "{154CBCCA-FC71-4C2A-9361-8E52266A490E}"
EndProject
Project("{FAE04EC0-301F-11D3-BF4B-00C04F79EFBC}") = "MyVet.Prism.Android", "MyVet.Prism\MyVet.Prism.Android\MyVet.Prism.Android.csproj", "{C8E3A9C2-7142-48CC-82D8-B77F3D39079A}"
EndProject
Project("{FAE04EC0-301F-11D3-BF4B-00C04F79EFBC}") = "MyVet.Prism.iOS", "MyVet.Prism\MyVet.Prism.iOS\MyVet.Prism.iOS.csproj", "{F7472D21-F7F5-4C56-8B06-C77465C48E2D}"
EndProject
Project("{FAE04EC0-301F-11D3-BF4B-00C04F79EFBC}") = "MyVet.Prism.UWP", "MyVet.Prism\MyVet.Prism.UWP\MyVet.Prism.UWP.csproj", "{B077908A-264B-40FE-9C6D-F8D637F4BC41}"
EndProject
Global
	GlobalSection(SolutionConfigurationPlatforms) = preSolution
		Ad-Hoc|Any CPU = Ad-Hoc|Any CPU
		Ad-Hoc|ARM = Ad-Hoc|ARM
		Ad-Hoc|iPhone = Ad-Hoc|iPhone
		Ad-Hoc|iPhoneSimulator = Ad-Hoc|iPhoneSimulator
		Ad-Hoc|x64 = Ad-Hoc|x64
		Ad-Hoc|x86 = Ad-Hoc|x86
		AppStore|Any CPU = AppStore|Any CPU
		AppStore|ARM = AppStore|ARM
		AppStore|iPhone = AppStore|iPhone
		AppStore|iPhoneSimulator = AppStore|iPhoneSimulator
		AppStore|x64 = AppStore|x64
		AppStore|x86 = AppStore|x86
		Debug|Any CPU = Debug|Any CPU
		Debug|ARM = Debug|ARM
		Debug|iPhone = Debug|iPhone
		Debug|iPhoneSimulator = Debug|iPhoneSimulator
		Debug|x64 = Debug|x64
		Debug|x86 = Debug|x86
		Release|Any CPU = Release|Any CPU
		Release|ARM = Release|ARM
		Release|iPhone = Release|iPhone
		Release|iPhoneSimulator = Release|iPhoneSimulator
		Release|x64 = Release|x64
		Release|x86 = Release|x86
	EndGlobalSection
	GlobalSection(ProjectConfigurationPlatforms) = postSolution
		{5894CB24-4E7F-4B0C-B88C-294F6F67CB05}.Ad-Hoc|Any CPU.ActiveCfg = Release|Any CPU
		{5894CB24-4E7F-4B0C-B88C-294F6F67CB05}.Ad-Hoc|Any CPU.Build.0 = Release|Any CPU
		{5894CB24-4E7F-4B0C-B88C-294F6F67CB05}.Ad-Hoc|ARM.ActiveCfg = Release|Any CPU
		{5894CB24-4E7F-4B0C-B88C-294F6F67CB05}.Ad-Hoc|ARM.Build.0 = Release|Any CPU
		{5894CB24-4E7F-4B0C-B88C-294F6F67CB05}.Ad-Hoc|iPhone.ActiveCfg = Release|Any CPU
		{5894CB24-4E7F-4B0C-B88C-294F6F67CB05}.Ad-Hoc|iPhone.Build.0 = Release|Any CPU
		{5894CB24-4E7F-4B0C-B88C-294F6F67CB05}.Ad-Hoc|iPhoneSimulator.ActiveCfg = Release|Any CPU
		{5894CB24-4E7F-4B0C-B88C-294F6F67CB05}.Ad-Hoc|iPhoneSimulator.Build.0 = Release|Any CPU
		{5894CB24-4E7F-4B0C-B88C-294F6F67CB05}.Ad-Hoc|x64.ActiveCfg = Release|Any CPU
		{5894CB24-4E7F-4B0C-B88C-294F6F67CB05}.Ad-Hoc|x64.Build.0 = Release|Any CPU
		{5894CB24-4E7F-4B0C-B88C-294F6F67CB05}.Ad-Hoc|x86.ActiveCfg = Release|Any CPU
		{5894CB24-4E7F-4B0C-B88C-294F6F67CB05}.Ad-Hoc|x86.Build.0 = Release|Any CPU
		{5894CB24-4E7F-4B0C-B88C-294F6F67CB05}.AppStore|Any CPU.ActiveCfg = Release|Any CPU
		{5894CB24-4E7F-4B0C-B88C-294F6F67CB05}.AppStore|Any CPU.Build.0 = Release|Any CPU
		{5894CB24-4E7F-4B0C-B88C-294F6F67CB05}.AppStore|ARM.ActiveCfg = Release|Any CPU
		{5894CB24-4E7F-4B0C-B88C-294F6F67CB05}.AppStore|ARM.Build.0 = Release|Any CPU
		{5894CB24-4E7F-4B0C-B88C-294F6F67CB05}.AppStore|iPhone.ActiveCfg = Release|Any CPU
		{5894CB24-4E7F-4B0C-B88C-294F6F67CB05}.AppStore|iPhone.Build.0 = Release|Any CPU
		{5894CB24-4E7F-4B0C-B88C-294F6F67CB05}.AppStore|iPhoneSimulator.ActiveCfg = Release|Any CPU
		{5894CB24-4E7F-4B0C-B88C-294F6F67CB05}.AppStore|iPhoneSimulator.Build.0 = Release|Any CPU
		{5894CB24-4E7F-4B0C-B88C-294F6F67CB05}.AppStore|x64.ActiveCfg = Release|Any CPU
		{5894CB24-4E7F-4B0C-B88C-294F6F67CB05}.AppStore|x64.Build.0 = Release|Any CPU
		{5894CB24-4E7F-4B0C-B88C-294F6F67CB05}.AppStore|x86.ActiveCfg = Release|Any CPU
		{5894CB24-4E7F-4B0C-B88C-294F6F67CB05}.AppStore|x86.Build.0 = Release|Any CPU
		{5894CB24-4E7F-4B0C-B88C-294F6F67CB05}.Debug|Any CPU.ActiveCfg = Debug|Any CPU
		{5894CB24-4E7F-4B0C-B88C-294F6F67CB05}.Debug|Any CPU.Build.0 = Debug|Any CPU
		{5894CB24-4E7F-4B0C-B88C-294F6F67CB05}.Debug|ARM.ActiveCfg = Debug|Any CPU
		{5894CB24-4E7F-4B0C-B88C-294F6F67CB05}.Debug|ARM.Build.0 = Debug|Any CPU
		{5894CB24-4E7F-4B0C-B88C-294F6F67CB05}.Debug|iPhone.ActiveCfg = Debug|Any CPU
		{5894CB24-4E7F-4B0C-B88C-294F6F67CB05}.Debug|iPhone.Build.0 = Debug|Any CPU
		{5894CB24-4E7F-4B0C-B88C-294F6F67CB05}.Debug|iPhoneSimulator.ActiveCfg = Debug|Any CPU
		{5894CB24-4E7F-4B0C-B88C-294F6F67CB05}.Debug|iPhoneSimulator.Build.0 = Debug|Any CPU
		{5894CB24-4E7F-4B0C-B88C-294F6F67CB05}.Debug|x64.ActiveCfg = Debug|Any CPU
		{5894CB24-4E7F-4B0C-B88C-294F6F67CB05}.Debug|x64.Build.0 = Debug|Any CPU
		{5894CB24-4E7F-4B0C-B88C-294F6F67CB05}.Debug|x86.ActiveCfg = Debug|Any CPU
		{5894CB24-4E7F-4B0C-B88C-294F6F67CB05}.Debug|x86.Build.0 = Debug|Any CPU
		{5894CB24-4E7F-4B0C-B88C-294F6F67CB05}.Release|Any CPU.ActiveCfg = Release|Any CPU
		{5894CB24-4E7F-4B0C-B88C-294F6F67CB05}.Release|Any CPU.Build.0 = Release|Any CPU
		{5894CB24-4E7F-4B0C-B88C-294F6F67CB05}.Release|ARM.ActiveCfg = Release|Any CPU
		{5894CB24-4E7F-4B0C-B88C-294F6F67CB05}.Release|ARM.Build.0 = Release|Any CPU
		{5894CB24-4E7F-4B0C-B88C-294F6F67CB05}.Release|iPhone.ActiveCfg = Release|Any CPU
		{5894CB24-4E7F-4B0C-B88C-294F6F67CB05}.Release|iPhone.Build.0 = Release|Any CPU
		{5894CB24-4E7F-4B0C-B88C-294F6F67CB05}.Release|iPhoneSimulator.ActiveCfg = Release|Any CPU
		{5894CB24-4E7F-4B0C-B88C-294F6F67CB05}.Release|iPhoneSimulator.Build.0 = Release|Any CPU
		{5894CB24-4E7F-4B0C-B88C-294F6F67CB05}.Release|x64.ActiveCfg = Release|Any CPU
		{5894CB24-4E7F-4B0C-B88C-294F6F67CB05}.Release|x64.Build.0 = Release|Any CPU
		{5894CB24-4E7F-4B0C-B88C-294F6F67CB05}.Release|x86.ActiveCfg = Release|Any CPU
		{5894CB24-4E7F-4B0C-B88C-294F6F67CB05}.Release|x86.Build.0 = Release|Any CPU
		{F5C6C8C1-4665-44FC-AACB-375F8843398E}.Ad-Hoc|Any CPU.ActiveCfg = Release|Any CPU
		{F5C6C8C1-4665-44FC-AACB-375F8843398E}.Ad-Hoc|Any CPU.Build.0 = Release|Any CPU
		{F5C6C8C1-4665-44FC-AACB-375F8843398E}.Ad-Hoc|ARM.ActiveCfg = Release|Any CPU
		{F5C6C8C1-4665-44FC-AACB-375F8843398E}.Ad-Hoc|ARM.Build.0 = Release|Any CPU
		{F5C6C8C1-4665-44FC-AACB-375F8843398E}.Ad-Hoc|iPhone.ActiveCfg = Release|Any CPU
		{F5C6C8C1-4665-44FC-AACB-375F8843398E}.Ad-Hoc|iPhone.Build.0 = Release|Any CPU
		{F5C6C8C1-4665-44FC-AACB-375F8843398E}.Ad-Hoc|iPhoneSimulator.ActiveCfg = Release|Any CPU
		{F5C6C8C1-4665-44FC-AACB-375F8843398E}.Ad-Hoc|iPhoneSimulator.Build.0 = Release|Any CPU
		{F5C6C8C1-4665-44FC-AACB-375F8843398E}.Ad-Hoc|x64.ActiveCfg = Release|Any CPU
		{F5C6C8C1-4665-44FC-AACB-375F8843398E}.Ad-Hoc|x64.Build.0 = Release|Any CPU
		{F5C6C8C1-4665-44FC-AACB-375F8843398E}.Ad-Hoc|x86.ActiveCfg = Release|Any CPU
		{F5C6C8C1-4665-44FC-AACB-375F8843398E}.Ad-Hoc|x86.Build.0 = Release|Any CPU
		{F5C6C8C1-4665-44FC-AACB-375F8843398E}.AppStore|Any CPU.ActiveCfg = Release|Any CPU
		{F5C6C8C1-4665-44FC-AACB-375F8843398E}.AppStore|Any CPU.Build.0 = Release|Any CPU
		{F5C6C8C1-4665-44FC-AACB-375F8843398E}.AppStore|ARM.ActiveCfg = Release|Any CPU
		{F5C6C8C1-4665-44FC-AACB-375F8843398E}.AppStore|ARM.Build.0 = Release|Any CPU
		{F5C6C8C1-4665-44FC-AACB-375F8843398E}.AppStore|iPhone.ActiveCfg = Release|Any CPU
		{F5C6C8C1-4665-44FC-AACB-375F8843398E}.AppStore|iPhone.Build.0 = Release|Any CPU
		{F5C6C8C1-4665-44FC-AACB-375F8843398E}.AppStore|iPhoneSimulator.ActiveCfg = Release|Any CPU
		{F5C6C8C1-4665-44FC-AACB-375F8843398E}.AppStore|iPhoneSimulator.Build.0 = Release|Any CPU
		{F5C6C8C1-4665-44FC-AACB-375F8843398E}.AppStore|x64.ActiveCfg = Release|Any CPU
		{F5C6C8C1-4665-44FC-AACB-375F8843398E}.AppStore|x64.Build.0 = Release|Any CPU
		{F5C6C8C1-4665-44FC-AACB-375F8843398E}.AppStore|x86.ActiveCfg = Release|Any CPU
		{F5C6C8C1-4665-44FC-AACB-375F8843398E}.AppStore|x86.Build.0 = Release|Any CPU
		{F5C6C8C1-4665-44FC-AACB-375F8843398E}.Debug|Any CPU.ActiveCfg = Debug|Any CPU
		{F5C6C8C1-4665-44FC-AACB-375F8843398E}.Debug|Any CPU.Build.0 = Debug|Any CPU
		{F5C6C8C1-4665-44FC-AACB-375F8843398E}.Debug|ARM.ActiveCfg = Debug|Any CPU
		{F5C6C8C1-4665-44FC-AACB-375F8843398E}.Debug|ARM.Build.0 = Debug|Any CPU
		{F5C6C8C1-4665-44FC-AACB-375F8843398E}.Debug|iPhone.ActiveCfg = Debug|Any CPU
		{F5C6C8C1-4665-44FC-AACB-375F8843398E}.Debug|iPhone.Build.0 = Debug|Any CPU
		{F5C6C8C1-4665-44FC-AACB-375F8843398E}.Debug|iPhoneSimulator.ActiveCfg = Debug|Any CPU
		{F5C6C8C1-4665-44FC-AACB-375F8843398E}.Debug|iPhoneSimulator.Build.0 = Debug|Any CPU
		{F5C6C8C1-4665-44FC-AACB-375F8843398E}.Debug|x64.ActiveCfg = Debug|Any CPU
		{F5C6C8C1-4665-44FC-AACB-375F8843398E}.Debug|x64.Build.0 = Debug|Any CPU
		{F5C6C8C1-4665-44FC-AACB-375F8843398E}.Debug|x86.ActiveCfg = Debug|Any CPU
		{F5C6C8C1-4665-44FC-AACB-375F8843398E}.Debug|x86.Build.0 = Debug|Any CPU
		{F5C6C8C1-4665-44FC-AACB-375F8843398E}.Release|Any CPU.ActiveCfg = Release|Any CPU
		{F5C6C8C1-4665-44FC-AACB-375F8843398E}.Release|Any CPU.Build.0 = Release|Any CPU
		{F5C6C8C1-4665-44FC-AACB-375F8843398E}.Release|ARM.ActiveCfg = Release|Any CPU
		{F5C6C8C1-4665-44FC-AACB-375F8843398E}.Release|ARM.Build.0 = Release|Any CPU
		{F5C6C8C1-4665-44FC-AACB-375F8843398E}.Release|iPhone.ActiveCfg = Release|Any CPU
		{F5C6C8C1-4665-44FC-AACB-375F8843398E}.Release|iPhone.Build.0 = Release|Any CPU
		{F5C6C8C1-4665-44FC-AACB-375F8843398E}.Release|iPhoneSimulator.ActiveCfg = Release|Any CPU
		{F5C6C8C1-4665-44FC-AACB-375F8843398E}.Release|iPhoneSimulator.Build.0 = Release|Any CPU
		{F5C6C8C1-4665-44FC-AACB-375F8843398E}.Release|x64.ActiveCfg = Release|Any CPU
		{F5C6C8C1-4665-44FC-AACB-375F8843398E}.Release|x64.Build.0 = Release|Any CPU
		{F5C6C8C1-4665-44FC-AACB-375F8843398E}.Release|x86.ActiveCfg = Release|Any CPU
		{F5C6C8C1-4665-44FC-AACB-375F8843398E}.Release|x86.Build.0 = Release|Any CPU
		{154CBCCA-FC71-4C2A-9361-8E52266A490E}.Ad-Hoc|Any CPU.ActiveCfg = Debug|Any CPU
		{154CBCCA-FC71-4C2A-9361-8E52266A490E}.Ad-Hoc|Any CPU.Build.0 = Debug|Any CPU
		{154CBCCA-FC71-4C2A-9361-8E52266A490E}.Ad-Hoc|ARM.ActiveCfg = Debug|Any CPU
		{154CBCCA-FC71-4C2A-9361-8E52266A490E}.Ad-Hoc|ARM.Build.0 = Debug|Any CPU
		{154CBCCA-FC71-4C2A-9361-8E52266A490E}.Ad-Hoc|iPhone.ActiveCfg = Debug|Any CPU
		{154CBCCA-FC71-4C2A-9361-8E52266A490E}.Ad-Hoc|iPhone.Build.0 = Debug|Any CPU
		{154CBCCA-FC71-4C2A-9361-8E52266A490E}.Ad-Hoc|iPhoneSimulator.ActiveCfg = Debug|Any CPU
		{154CBCCA-FC71-4C2A-9361-8E52266A490E}.Ad-Hoc|iPhoneSimulator.Build.0 = Debug|Any CPU
		{154CBCCA-FC71-4C2A-9361-8E52266A490E}.Ad-Hoc|x64.ActiveCfg = Debug|Any CPU
		{154CBCCA-FC71-4C2A-9361-8E52266A490E}.Ad-Hoc|x64.Build.0 = Debug|Any CPU
		{154CBCCA-FC71-4C2A-9361-8E52266A490E}.Ad-Hoc|x86.ActiveCfg = Debug|Any CPU
		{154CBCCA-FC71-4C2A-9361-8E52266A490E}.Ad-Hoc|x86.Build.0 = Debug|Any CPU
		{154CBCCA-FC71-4C2A-9361-8E52266A490E}.AppStore|Any CPU.ActiveCfg = Debug|Any CPU
		{154CBCCA-FC71-4C2A-9361-8E52266A490E}.AppStore|Any CPU.Build.0 = Debug|Any CPU
		{154CBCCA-FC71-4C2A-9361-8E52266A490E}.AppStore|ARM.ActiveCfg = Debug|Any CPU
		{154CBCCA-FC71-4C2A-9361-8E52266A490E}.AppStore|ARM.Build.0 = Debug|Any CPU
		{154CBCCA-FC71-4C2A-9361-8E52266A490E}.AppStore|iPhone.ActiveCfg = Debug|Any CPU
		{154CBCCA-FC71-4C2A-9361-8E52266A490E}.AppStore|iPhone.Build.0 = Debug|Any CPU
		{154CBCCA-FC71-4C2A-9361-8E52266A490E}.AppStore|iPhoneSimulator.ActiveCfg = Debug|Any CPU
		{154CBCCA-FC71-4C2A-9361-8E52266A490E}.AppStore|iPhoneSimulator.Build.0 = Debug|Any CPU
		{154CBCCA-FC71-4C2A-9361-8E52266A490E}.AppStore|x64.ActiveCfg = Debug|Any CPU
		{154CBCCA-FC71-4C2A-9361-8E52266A490E}.AppStore|x64.Build.0 = Debug|Any CPU
		{154CBCCA-FC71-4C2A-9361-8E52266A490E}.AppStore|x86.ActiveCfg = Debug|Any CPU
		{154CBCCA-FC71-4C2A-9361-8E52266A490E}.AppStore|x86.Build.0 = Debug|Any CPU
		{154CBCCA-FC71-4C2A-9361-8E52266A490E}.Debug|Any CPU.ActiveCfg = Debug|Any CPU
		{154CBCCA-FC71-4C2A-9361-8E52266A490E}.Debug|Any CPU.Build.0 = Debug|Any CPU
		{154CBCCA-FC71-4C2A-9361-8E52266A490E}.Debug|ARM.ActiveCfg = Debug|Any CPU
		{154CBCCA-FC71-4C2A-9361-8E52266A490E}.Debug|ARM.Build.0 = Debug|Any CPU
		{154CBCCA-FC71-4C2A-9361-8E52266A490E}.Debug|iPhone.ActiveCfg = Debug|Any CPU
		{154CBCCA-FC71-4C2A-9361-8E52266A490E}.Debug|iPhone.Build.0 = Debug|Any CPU
		{154CBCCA-FC71-4C2A-9361-8E52266A490E}.Debug|iPhoneSimulator.ActiveCfg = Debug|Any CPU
		{154CBCCA-FC71-4C2A-9361-8E52266A490E}.Debug|iPhoneSimulator.Build.0 = Debug|Any CPU
		{154CBCCA-FC71-4C2A-9361-8E52266A490E}.Debug|x64.ActiveCfg = Debug|Any CPU
		{154CBCCA-FC71-4C2A-9361-8E52266A490E}.Debug|x64.Build.0 = Debug|Any CPU
		{154CBCCA-FC71-4C2A-9361-8E52266A490E}.Debug|x86.ActiveCfg = Debug|Any CPU
		{154CBCCA-FC71-4C2A-9361-8E52266A490E}.Debug|x86.Build.0 = Debug|Any CPU
		{154CBCCA-FC71-4C2A-9361-8E52266A490E}.Release|Any CPU.ActiveCfg = Release|Any CPU
		{154CBCCA-FC71-4C2A-9361-8E52266A490E}.Release|Any CPU.Build.0 = Release|Any CPU
		{154CBCCA-FC71-4C2A-9361-8E52266A490E}.Release|ARM.ActiveCfg = Release|Any CPU
		{154CBCCA-FC71-4C2A-9361-8E52266A490E}.Release|ARM.Build.0 = Release|Any CPU
		{154CBCCA-FC71-4C2A-9361-8E52266A490E}.Release|iPhone.ActiveCfg = Release|Any CPU
		{154CBCCA-FC71-4C2A-9361-8E52266A490E}.Release|iPhone.Build.0 = Release|Any CPU
		{154CBCCA-FC71-4C2A-9361-8E52266A490E}.Release|iPhoneSimulator.ActiveCfg = Release|Any CPU
		{154CBCCA-FC71-4C2A-9361-8E52266A490E}.Release|iPhoneSimulator.Build.0 = Release|Any CPU
		{154CBCCA-FC71-4C2A-9361-8E52266A490E}.Release|x64.ActiveCfg = Release|Any CPU
		{154CBCCA-FC71-4C2A-9361-8E52266A490E}.Release|x64.Build.0 = Release|Any CPU
		{154CBCCA-FC71-4C2A-9361-8E52266A490E}.Release|x86.ActiveCfg = Release|Any CPU
		{154CBCCA-FC71-4C2A-9361-8E52266A490E}.Release|x86.Build.0 = Release|Any CPU
		{C8E3A9C2-7142-48CC-82D8-B77F3D39079A}.Ad-Hoc|Any CPU.ActiveCfg = Release|Any CPU
		{C8E3A9C2-7142-48CC-82D8-B77F3D39079A}.Ad-Hoc|Any CPU.Build.0 = Release|Any CPU
		{C8E3A9C2-7142-48CC-82D8-B77F3D39079A}.Ad-Hoc|Any CPU.Deploy.0 = Release|Any CPU
		{C8E3A9C2-7142-48CC-82D8-B77F3D39079A}.Ad-Hoc|ARM.ActiveCfg = Release|Any CPU
		{C8E3A9C2-7142-48CC-82D8-B77F3D39079A}.Ad-Hoc|ARM.Build.0 = Release|Any CPU
		{C8E3A9C2-7142-48CC-82D8-B77F3D39079A}.Ad-Hoc|ARM.Deploy.0 = Release|Any CPU
		{C8E3A9C2-7142-48CC-82D8-B77F3D39079A}.Ad-Hoc|iPhone.ActiveCfg = Release|Any CPU
		{C8E3A9C2-7142-48CC-82D8-B77F3D39079A}.Ad-Hoc|iPhone.Build.0 = Release|Any CPU
		{C8E3A9C2-7142-48CC-82D8-B77F3D39079A}.Ad-Hoc|iPhone.Deploy.0 = Release|Any CPU
		{C8E3A9C2-7142-48CC-82D8-B77F3D39079A}.Ad-Hoc|iPhoneSimulator.ActiveCfg = Release|Any CPU
		{C8E3A9C2-7142-48CC-82D8-B77F3D39079A}.Ad-Hoc|iPhoneSimulator.Build.0 = Release|Any CPU
		{C8E3A9C2-7142-48CC-82D8-B77F3D39079A}.Ad-Hoc|iPhoneSimulator.Deploy.0 = Release|Any CPU
		{C8E3A9C2-7142-48CC-82D8-B77F3D39079A}.Ad-Hoc|x64.ActiveCfg = Release|Any CPU
		{C8E3A9C2-7142-48CC-82D8-B77F3D39079A}.Ad-Hoc|x64.Build.0 = Release|Any CPU
		{C8E3A9C2-7142-48CC-82D8-B77F3D39079A}.Ad-Hoc|x64.Deploy.0 = Release|Any CPU
		{C8E3A9C2-7142-48CC-82D8-B77F3D39079A}.Ad-Hoc|x86.ActiveCfg = Release|Any CPU
		{C8E3A9C2-7142-48CC-82D8-B77F3D39079A}.Ad-Hoc|x86.Build.0 = Release|Any CPU
		{C8E3A9C2-7142-48CC-82D8-B77F3D39079A}.Ad-Hoc|x86.Deploy.0 = Release|Any CPU
		{C8E3A9C2-7142-48CC-82D8-B77F3D39079A}.AppStore|Any CPU.ActiveCfg = Release|Any CPU
		{C8E3A9C2-7142-48CC-82D8-B77F3D39079A}.AppStore|Any CPU.Build.0 = Release|Any CPU
		{C8E3A9C2-7142-48CC-82D8-B77F3D39079A}.AppStore|Any CPU.Deploy.0 = Release|Any CPU
		{C8E3A9C2-7142-48CC-82D8-B77F3D39079A}.AppStore|ARM.ActiveCfg = Release|Any CPU
		{C8E3A9C2-7142-48CC-82D8-B77F3D39079A}.AppStore|ARM.Build.0 = Release|Any CPU
		{C8E3A9C2-7142-48CC-82D8-B77F3D39079A}.AppStore|ARM.Deploy.0 = Release|Any CPU
		{C8E3A9C2-7142-48CC-82D8-B77F3D39079A}.AppStore|iPhone.ActiveCfg = Release|Any CPU
		{C8E3A9C2-7142-48CC-82D8-B77F3D39079A}.AppStore|iPhone.Build.0 = Release|Any CPU
		{C8E3A9C2-7142-48CC-82D8-B77F3D39079A}.AppStore|iPhone.Deploy.0 = Release|Any CPU
		{C8E3A9C2-7142-48CC-82D8-B77F3D39079A}.AppStore|iPhoneSimulator.ActiveCfg = Release|Any CPU
		{C8E3A9C2-7142-48CC-82D8-B77F3D39079A}.AppStore|iPhoneSimulator.Build.0 = Release|Any CPU
		{C8E3A9C2-7142-48CC-82D8-B77F3D39079A}.AppStore|iPhoneSimulator.Deploy.0 = Release|Any CPU
		{C8E3A9C2-7142-48CC-82D8-B77F3D39079A}.AppStore|x64.ActiveCfg = Release|Any CPU
		{C8E3A9C2-7142-48CC-82D8-B77F3D39079A}.AppStore|x64.Build.0 = Release|Any CPU
		{C8E3A9C2-7142-48CC-82D8-B77F3D39079A}.AppStore|x64.Deploy.0 = Release|Any CPU
		{C8E3A9C2-7142-48CC-82D8-B77F3D39079A}.AppStore|x86.ActiveCfg = Release|Any CPU
		{C8E3A9C2-7142-48CC-82D8-B77F3D39079A}.AppStore|x86.Build.0 = Release|Any CPU
		{C8E3A9C2-7142-48CC-82D8-B77F3D39079A}.AppStore|x86.Deploy.0 = Release|Any CPU
		{C8E3A9C2-7142-48CC-82D8-B77F3D39079A}.Debug|Any CPU.ActiveCfg = Debug|Any CPU
		{C8E3A9C2-7142-48CC-82D8-B77F3D39079A}.Debug|Any CPU.Build.0 = Debug|Any CPU
		{C8E3A9C2-7142-48CC-82D8-B77F3D39079A}.Debug|Any CPU.Deploy.0 = Debug|Any CPU
		{C8E3A9C2-7142-48CC-82D8-B77F3D39079A}.Debug|ARM.ActiveCfg = Debug|Any CPU
		{C8E3A9C2-7142-48CC-82D8-B77F3D39079A}.Debug|ARM.Build.0 = Debug|Any CPU
		{C8E3A9C2-7142-48CC-82D8-B77F3D39079A}.Debug|ARM.Deploy.0 = Debug|Any CPU
		{C8E3A9C2-7142-48CC-82D8-B77F3D39079A}.Debug|iPhone.ActiveCfg = Debug|Any CPU
		{C8E3A9C2-7142-48CC-82D8-B77F3D39079A}.Debug|iPhone.Build.0 = Debug|Any CPU
		{C8E3A9C2-7142-48CC-82D8-B77F3D39079A}.Debug|iPhone.Deploy.0 = Debug|Any CPU
		{C8E3A9C2-7142-48CC-82D8-B77F3D39079A}.Debug|iPhoneSimulator.ActiveCfg = Debug|Any CPU
		{C8E3A9C2-7142-48CC-82D8-B77F3D39079A}.Debug|iPhoneSimulator.Build.0 = Debug|Any CPU
		{C8E3A9C2-7142-48CC-82D8-B77F3D39079A}.Debug|iPhoneSimulator.Deploy.0 = Debug|Any CPU
		{C8E3A9C2-7142-48CC-82D8-B77F3D39079A}.Debug|x64.ActiveCfg = Debug|Any CPU
		{C8E3A9C2-7142-48CC-82D8-B77F3D39079A}.Debug|x64.Build.0 = Debug|Any CPU
		{C8E3A9C2-7142-48CC-82D8-B77F3D39079A}.Debug|x64.Deploy.0 = Debug|Any CPU
		{C8E3A9C2-7142-48CC-82D8-B77F3D39079A}.Debug|x86.ActiveCfg = Debug|Any CPU
		{C8E3A9C2-7142-48CC-82D8-B77F3D39079A}.Debug|x86.Build.0 = Debug|Any CPU
		{C8E3A9C2-7142-48CC-82D8-B77F3D39079A}.Debug|x86.Deploy.0 = Debug|Any CPU
		{C8E3A9C2-7142-48CC-82D8-B77F3D39079A}.Release|Any CPU.ActiveCfg = Release|Any CPU
		{C8E3A9C2-7142-48CC-82D8-B77F3D39079A}.Release|Any CPU.Build.0 = Release|Any CPU
		{C8E3A9C2-7142-48CC-82D8-B77F3D39079A}.Release|Any CPU.Deploy.0 = Release|Any CPU
		{C8E3A9C2-7142-48CC-82D8-B77F3D39079A}.Release|ARM.ActiveCfg = Release|Any CPU
		{C8E3A9C2-7142-48CC-82D8-B77F3D39079A}.Release|ARM.Build.0 = Release|Any CPU
		{C8E3A9C2-7142-48CC-82D8-B77F3D39079A}.Release|ARM.Deploy.0 = Release|Any CPU
		{C8E3A9C2-7142-48CC-82D8-B77F3D39079A}.Release|iPhone.ActiveCfg = Release|Any CPU
		{C8E3A9C2-7142-48CC-82D8-B77F3D39079A}.Release|iPhone.Build.0 = Release|Any CPU
		{C8E3A9C2-7142-48CC-82D8-B77F3D39079A}.Release|iPhone.Deploy.0 = Release|Any CPU
		{C8E3A9C2-7142-48CC-82D8-B77F3D39079A}.Release|iPhoneSimulator.ActiveCfg = Release|Any CPU
		{C8E3A9C2-7142-48CC-82D8-B77F3D39079A}.Release|iPhoneSimulator.Build.0 = Release|Any CPU
		{C8E3A9C2-7142-48CC-82D8-B77F3D39079A}.Release|iPhoneSimulator.Deploy.0 = Release|Any CPU
		{C8E3A9C2-7142-48CC-82D8-B77F3D39079A}.Release|x64.ActiveCfg = Release|Any CPU
		{C8E3A9C2-7142-48CC-82D8-B77F3D39079A}.Release|x64.Build.0 = Release|Any CPU
		{C8E3A9C2-7142-48CC-82D8-B77F3D39079A}.Release|x64.Deploy.0 = Release|Any CPU
		{C8E3A9C2-7142-48CC-82D8-B77F3D39079A}.Release|x86.ActiveCfg = Release|Any CPU
		{C8E3A9C2-7142-48CC-82D8-B77F3D39079A}.Release|x86.Build.0 = Release|Any CPU
		{C8E3A9C2-7142-48CC-82D8-B77F3D39079A}.Release|x86.Deploy.0 = Release|Any CPU
		{F7472D21-F7F5-4C56-8B06-C77465C48E2D}.Ad-Hoc|Any CPU.ActiveCfg = Ad-Hoc|iPhone
		{F7472D21-F7F5-4C56-8B06-C77465C48E2D}.Ad-Hoc|ARM.ActiveCfg = Ad-Hoc|iPhone
		{F7472D21-F7F5-4C56-8B06-C77465C48E2D}.Ad-Hoc|iPhone.ActiveCfg = Ad-Hoc|iPhone
		{F7472D21-F7F5-4C56-8B06-C77465C48E2D}.Ad-Hoc|iPhone.Build.0 = Ad-Hoc|iPhone
		{F7472D21-F7F5-4C56-8B06-C77465C48E2D}.Ad-Hoc|iPhoneSimulator.ActiveCfg = Ad-Hoc|iPhoneSimulator
		{F7472D21-F7F5-4C56-8B06-C77465C48E2D}.Ad-Hoc|iPhoneSimulator.Build.0 = Ad-Hoc|iPhoneSimulator
		{F7472D21-F7F5-4C56-8B06-C77465C48E2D}.Ad-Hoc|x64.ActiveCfg = Ad-Hoc|iPhone
		{F7472D21-F7F5-4C56-8B06-C77465C48E2D}.Ad-Hoc|x86.ActiveCfg = Ad-Hoc|iPhone
		{F7472D21-F7F5-4C56-8B06-C77465C48E2D}.AppStore|Any CPU.ActiveCfg = AppStore|iPhone
		{F7472D21-F7F5-4C56-8B06-C77465C48E2D}.AppStore|ARM.ActiveCfg = AppStore|iPhone
		{F7472D21-F7F5-4C56-8B06-C77465C48E2D}.AppStore|iPhone.ActiveCfg = AppStore|iPhone
		{F7472D21-F7F5-4C56-8B06-C77465C48E2D}.AppStore|iPhone.Build.0 = AppStore|iPhone
		{F7472D21-F7F5-4C56-8B06-C77465C48E2D}.AppStore|iPhoneSimulator.ActiveCfg = AppStore|iPhoneSimulator
		{F7472D21-F7F5-4C56-8B06-C77465C48E2D}.AppStore|iPhoneSimulator.Build.0 = AppStore|iPhoneSimulator
		{F7472D21-F7F5-4C56-8B06-C77465C48E2D}.AppStore|x64.ActiveCfg = AppStore|iPhone
		{F7472D21-F7F5-4C56-8B06-C77465C48E2D}.AppStore|x86.ActiveCfg = AppStore|iPhone
		{F7472D21-F7F5-4C56-8B06-C77465C48E2D}.Debug|Any CPU.ActiveCfg = Debug|iPhone
		{F7472D21-F7F5-4C56-8B06-C77465C48E2D}.Debug|ARM.ActiveCfg = Debug|iPhone
		{F7472D21-F7F5-4C56-8B06-C77465C48E2D}.Debug|iPhone.ActiveCfg = Debug|iPhone
		{F7472D21-F7F5-4C56-8B06-C77465C48E2D}.Debug|iPhone.Build.0 = Debug|iPhone
		{F7472D21-F7F5-4C56-8B06-C77465C48E2D}.Debug|iPhoneSimulator.ActiveCfg = Debug|iPhoneSimulator
		{F7472D21-F7F5-4C56-8B06-C77465C48E2D}.Debug|iPhoneSimulator.Build.0 = Debug|iPhoneSimulator
		{F7472D21-F7F5-4C56-8B06-C77465C48E2D}.Debug|x64.ActiveCfg = Debug|iPhone
		{F7472D21-F7F5-4C56-8B06-C77465C48E2D}.Debug|x86.ActiveCfg = Debug|iPhone
		{F7472D21-F7F5-4C56-8B06-C77465C48E2D}.Release|Any CPU.ActiveCfg = Release|iPhone
		{F7472D21-F7F5-4C56-8B06-C77465C48E2D}.Release|ARM.ActiveCfg = Release|iPhone
		{F7472D21-F7F5-4C56-8B06-C77465C48E2D}.Release|iPhone.ActiveCfg = Release|iPhone
		{F7472D21-F7F5-4C56-8B06-C77465C48E2D}.Release|iPhone.Build.0 = Release|iPhone
		{F7472D21-F7F5-4C56-8B06-C77465C48E2D}.Release|iPhoneSimulator.ActiveCfg = Release|iPhoneSimulator
		{F7472D21-F7F5-4C56-8B06-C77465C48E2D}.Release|iPhoneSimulator.Build.0 = Release|iPhoneSimulator
		{F7472D21-F7F5-4C56-8B06-C77465C48E2D}.Release|x64.ActiveCfg = Release|iPhone
		{F7472D21-F7F5-4C56-8B06-C77465C48E2D}.Release|x86.ActiveCfg = Release|iPhone
		{B077908A-264B-40FE-9C6D-F8D637F4BC41}.Ad-Hoc|Any CPU.ActiveCfg = Release|x86
		{B077908A-264B-40FE-9C6D-F8D637F4BC41}.Ad-Hoc|Any CPU.Build.0 = Release|x86
		{B077908A-264B-40FE-9C6D-F8D637F4BC41}.Ad-Hoc|Any CPU.Deploy.0 = Release|x86
		{B077908A-264B-40FE-9C6D-F8D637F4BC41}.Ad-Hoc|ARM.ActiveCfg = Release|ARM
		{B077908A-264B-40FE-9C6D-F8D637F4BC41}.Ad-Hoc|ARM.Build.0 = Release|ARM
		{B077908A-264B-40FE-9C6D-F8D637F4BC41}.Ad-Hoc|ARM.Deploy.0 = Release|ARM
		{B077908A-264B-40FE-9C6D-F8D637F4BC41}.Ad-Hoc|iPhone.ActiveCfg = Release|x86
		{B077908A-264B-40FE-9C6D-F8D637F4BC41}.Ad-Hoc|iPhone.Build.0 = Release|x86
		{B077908A-264B-40FE-9C6D-F8D637F4BC41}.Ad-Hoc|iPhone.Deploy.0 = Release|x86
		{B077908A-264B-40FE-9C6D-F8D637F4BC41}.Ad-Hoc|iPhoneSimulator.ActiveCfg = Release|x86
		{B077908A-264B-40FE-9C6D-F8D637F4BC41}.Ad-Hoc|iPhoneSimulator.Build.0 = Release|x86
		{B077908A-264B-40FE-9C6D-F8D637F4BC41}.Ad-Hoc|iPhoneSimulator.Deploy.0 = Release|x86
		{B077908A-264B-40FE-9C6D-F8D637F4BC41}.Ad-Hoc|x64.ActiveCfg = Release|x64
		{B077908A-264B-40FE-9C6D-F8D637F4BC41}.Ad-Hoc|x64.Build.0 = Release|x64
		{B077908A-264B-40FE-9C6D-F8D637F4BC41}.Ad-Hoc|x64.Deploy.0 = Release|x64
		{B077908A-264B-40FE-9C6D-F8D637F4BC41}.Ad-Hoc|x86.ActiveCfg = Release|x86
		{B077908A-264B-40FE-9C6D-F8D637F4BC41}.Ad-Hoc|x86.Build.0 = Release|x86
		{B077908A-264B-40FE-9C6D-F8D637F4BC41}.Ad-Hoc|x86.Deploy.0 = Release|x86
		{B077908A-264B-40FE-9C6D-F8D637F4BC41}.AppStore|Any CPU.ActiveCfg = Release|x86
		{B077908A-264B-40FE-9C6D-F8D637F4BC41}.AppStore|Any CPU.Build.0 = Release|x86
		{B077908A-264B-40FE-9C6D-F8D637F4BC41}.AppStore|Any CPU.Deploy.0 = Release|x86
		{B077908A-264B-40FE-9C6D-F8D637F4BC41}.AppStore|ARM.ActiveCfg = Release|ARM
		{B077908A-264B-40FE-9C6D-F8D637F4BC41}.AppStore|ARM.Build.0 = Release|ARM
		{B077908A-264B-40FE-9C6D-F8D637F4BC41}.AppStore|ARM.Deploy.0 = Release|ARM
		{B077908A-264B-40FE-9C6D-F8D637F4BC41}.AppStore|iPhone.ActiveCfg = Release|x86
		{B077908A-264B-40FE-9C6D-F8D637F4BC41}.AppStore|iPhone.Build.0 = Release|x86
		{B077908A-264B-40FE-9C6D-F8D637F4BC41}.AppStore|iPhone.Deploy.0 = Release|x86
		{B077908A-264B-40FE-9C6D-F8D637F4BC41}.AppStore|iPhoneSimulator.ActiveCfg = Release|x86
		{B077908A-264B-40FE-9C6D-F8D637F4BC41}.AppStore|iPhoneSimulator.Build.0 = Release|x86
		{B077908A-264B-40FE-9C6D-F8D637F4BC41}.AppStore|iPhoneSimulator.Deploy.0 = Release|x86
		{B077908A-264B-40FE-9C6D-F8D637F4BC41}.AppStore|x64.ActiveCfg = Release|x64
		{B077908A-264B-40FE-9C6D-F8D637F4BC41}.AppStore|x64.Build.0 = Release|x64
		{B077908A-264B-40FE-9C6D-F8D637F4BC41}.AppStore|x64.Deploy.0 = Release|x64
		{B077908A-264B-40FE-9C6D-F8D637F4BC41}.AppStore|x86.ActiveCfg = Release|x86
		{B077908A-264B-40FE-9C6D-F8D637F4BC41}.AppStore|x86.Build.0 = Release|x86
		{B077908A-264B-40FE-9C6D-F8D637F4BC41}.AppStore|x86.Deploy.0 = Release|x86
		{B077908A-264B-40FE-9C6D-F8D637F4BC41}.Debug|Any CPU.ActiveCfg = Debug|x86
		{B077908A-264B-40FE-9C6D-F8D637F4BC41}.Debug|ARM.ActiveCfg = Debug|ARM
		{B077908A-264B-40FE-9C6D-F8D637F4BC41}.Debug|ARM.Build.0 = Debug|ARM
		{B077908A-264B-40FE-9C6D-F8D637F4BC41}.Debug|ARM.Deploy.0 = Debug|ARM
		{B077908A-264B-40FE-9C6D-F8D637F4BC41}.Debug|iPhone.ActiveCfg = Debug|x86
		{B077908A-264B-40FE-9C6D-F8D637F4BC41}.Debug|iPhoneSimulator.ActiveCfg = Debug|x86
		{B077908A-264B-40FE-9C6D-F8D637F4BC41}.Debug|x64.ActiveCfg = Debug|x64
		{B077908A-264B-40FE-9C6D-F8D637F4BC41}.Debug|x64.Build.0 = Debug|x64
		{B077908A-264B-40FE-9C6D-F8D637F4BC41}.Debug|x64.Deploy.0 = Debug|x64
		{B077908A-264B-40FE-9C6D-F8D637F4BC41}.Debug|x86.ActiveCfg = Debug|x86
		{B077908A-264B-40FE-9C6D-F8D637F4BC41}.Debug|x86.Build.0 = Debug|x86
		{B077908A-264B-40FE-9C6D-F8D637F4BC41}.Debug|x86.Deploy.0 = Debug|x86
		{B077908A-264B-40FE-9C6D-F8D637F4BC41}.Release|Any CPU.ActiveCfg = Release|x86
		{B077908A-264B-40FE-9C6D-F8D637F4BC41}.Release|ARM.ActiveCfg = Release|ARM
		{B077908A-264B-40FE-9C6D-F8D637F4BC41}.Release|ARM.Build.0 = Release|ARM
		{B077908A-264B-40FE-9C6D-F8D637F4BC41}.Release|ARM.Deploy.0 = Release|ARM
		{B077908A-264B-40FE-9C6D-F8D637F4BC41}.Release|iPhone.ActiveCfg = Release|x86
		{B077908A-264B-40FE-9C6D-F8D637F4BC41}.Release|iPhoneSimulator.ActiveCfg = Release|x86
		{B077908A-264B-40FE-9C6D-F8D637F4BC41}.Release|x64.ActiveCfg = Release|x64
		{B077908A-264B-40FE-9C6D-F8D637F4BC41}.Release|x64.Build.0 = Release|x64
		{B077908A-264B-40FE-9C6D-F8D637F4BC41}.Release|x64.Deploy.0 = Release|x64
		{B077908A-264B-40FE-9C6D-F8D637F4BC41}.Release|x86.ActiveCfg = Release|x86
		{B077908A-264B-40FE-9C6D-F8D637F4BC41}.Release|x86.Build.0 = Release|x86
		{B077908A-264B-40FE-9C6D-F8D637F4BC41}.Release|x86.Deploy.0 = Release|x86
	EndGlobalSection
	GlobalSection(SolutionProperties) = preSolution
		HideSolutionNode = FALSE
	EndGlobalSection
	GlobalSection(ExtensibilityGlobals) = postSolution
		SolutionGuid = {2A297C87-8136-4DCA-BED8-9EFA5875F78C}
	EndGlobalSection
EndGlobal
